<?xml version="1.0" encoding="utf-8"?>
<Project ToolsVersion="4.0" xmlns="http://schemas.microsoft.com/developer/msbuild/2003">
  <ItemGroup>
    <Filter Include="Source Files">
      <UniqueIdentifier>{4FC737F1-C7A5-4376-A066-2A32D752A2FF}</UniqueIdentifier>
      <Extensions>cpp;c;cc;cxx;c++;cppm;ixx;def;odl;idl;hpj;bat;asm;asmx</Extensions>
    </Filter>
    <Filter Include="Header Files">
      <UniqueIdentifier>{93995380-89BD-4b04-88EB-625FBE52EBFB}</UniqueIdentifier>
      <Extensions>h;hh;hpp;hxx;h++;hm;inl;inc;ipp;xsd</Extensions>
    </Filter>
    <Filter Include="Resource Files">
      <UniqueIdentifier>{67DA6AB6-F800-4c08-8B7A-83BB121AAD01}</UniqueIdentifier>
      <Extensions>rc;ico;cur;bmp;dlg;rc2;rct;bin;rgs;gif;jpg;jpeg;jpe;resx;tiff;tif;png;wav;mfcribbon-ms</Extensions>
    </Filter>
  </ItemGroup>
  <ItemGroup>
    <ClCompile Include="AntiDebuggingResearch.cpp">
      <Filter>Source Files</Filter>
    </ClCompile>
    <ClCompile Include="PrintUsage.cpp">
      <Filter>Source Files</Filter>
    </ClCompile>
    <ClCompile Include="IsDebuggerPresent.cpp">
      <Filter>Source Files</Filter>
    </ClCompile>
    <ClCompile Include="Timing.cpp">
      <Filter>Source Files</Filter>
    </ClCompile>
    <ClCompile Include="BaseTest.cpp">
      <Filter>Source Files</Filter>
    </ClCompile>
    <ClCompile Include="ParentProcess.cpp">
      <Filter>Source Files</Filter>
    </ClCompile>
    <ClCompile Include="DebugRegisters.cpp">
      <Filter>Source Files</Filter>
    </ClCompile>
    <ClCompile Include="MemoryEncryption.cpp">
      <Filter>Source Files</Filter>
    </ClCompile>
    <ClCompile Include="TimingAnalysis.cpp">
      <Filter>Source Files</Filter>
    </ClCompile>
    <ClCompile Include="CodeObfuscation.cpp">
      <Filter>Source Files</Filter>
    </ClCompile>
    <ClCompile Include="SelfDebugging.cpp">
      <Filter>Source Files</Filter>
    </ClCompile>
    <ClCompile Include="LogFile.cpp">
      <Filter>Source Files</Filter>
    </ClCompile>
    <ClCompile Include="RunAPITests.cpp">
      <Filter>Source Files</Filter>
    </ClCompile>
    <ClCompile Include="NtGlobalFlag.cpp">
      <Filter>Source Files</Filter>
    </ClCompile>
    <ClCompile Include="HeapFlag.cpp">
      <Filter>Source Files</Filter>
    </ClCompile>
    <ClCompile Include="CsrGetProcessId.cpp">
      <Filter>Source Files</Filter>
    </ClCompile>
    <ClCompile Include="EventPairHandles.cpp">
      <Filter>Source Files</Filter>
    </ClCompile>
    <ClCompile Include="OutputDebugString.cpp">
      <Filter>Source Files</Filter>
    </ClCompile>
    <ClCompile Include="NtQueryObjectTest.cpp">
      <Filter>Source Files</Filter>
    </ClCompile>
    <ClCompile Include="NtSetInformationThread.cpp">
      <Filter>Source Files</Filter>
    </ClCompile>
    <ClCompile Include="NtQueryInformationProcess.cpp">
      <Filter>Source Files</Filter>
    </ClCompile>
    <ClCompile Include="CheckRemoteDebuggerPresent.cpp">
      <Filter>Source Files</Filter>
    </ClCompile>
    <ClCompile Include="NtSetDebugFilterState.cpp">
      <Filter>Source Files</Filter>
    </ClCompile>
    <ClCompile Include="RunExceptionTests.cpp">
      <Filter>Source Files</Filter>
    </ClCompile>
    <ClCompile Include="GuardPage.cpp">
      <Filter>Source Files</Filter>
    </ClCompile>
    <ClCompile Include="Int3.cpp">
      <Filter>Source Files</Filter>
    </ClCompile>
    <ClCompile Include="UnhandledExceptionFilter.cpp">
      <Filter>Source Files</Filter>
    </ClCompile>
    <ClCompile Include="CloseHandle.cpp">
      <Filter>Source Files</Filter>
    </ClCompile>
    <ClCompile Include="Int2d.cpp">
      <Filter>Source Files</Filter>
    </ClCompile>
    <ClCompile Include="TrapFlag.cpp">
      <Filter>Source Files</Filter>
    </ClCompile>
    <ClCompile Include="RunScanningTests.cpp">
      <Filter>Source Files</Filter>
    </ClCompile>
    <ClCompile Include="Fletcher.cpp">
      <Filter>Source Files</Filter>
    </ClCompile>
    <ClCompile Include="CodeChecksum.cpp">
      <Filter>Source Files</Filter>
    </ClCompile>
    <ClCompile Include="Int3Scan.cpp">
      <Filter>Source Files</Filter>
    </ClCompile>
    <ClCompile Include="EnumProcess.cpp">
      <Filter>Source Files</Filter>
    </ClCompile>
    <ClCompile Include="RunMiscTests.cpp">
      <Filter>Source Files</Filter>
    </ClCompile>
    <ClCompile Include="RunTimingTests.cpp">
      <Filter>Source Files</Filter>
    </ClCompile>
    <ClCompile Include="GetLocalTime.cpp">
      <Filter>Source Files</Filter>
    </ClCompile>
    <ClCompile Include="GetSystemTime.cpp">
      <Filter>Source Files</Filter>
    </ClCompile>
    <ClCompile Include="TimeGetTime.cpp">
      <Filter>Source Files</Filter>
    </ClCompile>
    <ClCompile Include="GetTickCount.cpp">
      <Filter>Source Files</Filter>
    </ClCompile>
    <ClCompile Include="rdtsc.cpp">
      <Filter>Source Files</Filter>
    </ClCompile>
    <ClCompile Include="NtQueryPerformanceCounter.cpp">
      <Filter>Source Files</Filter>
    </ClCompile>
    <ClCompile Include="BaseFunction.cpp">
      <Filter>Source Files</Filter>
    </ClCompile>
  </ItemGroup>
  <ItemGroup>
    <ClInclude Include="PrintUsage.hpp">
      <Filter>Header Files</Filter>
    </ClInclude>
    <ClInclude Include="Timing.hpp">
      <Filter>Header Files</Filter>
    </ClInclude>
    <ClInclude Include="IsDebuggerPresent.hpp">
      <Filter>Header Files</Filter>
    </ClInclude>
    <ClInclude Include="BaseTest.hpp">
      <Filter>Header Files</Filter>
    </ClInclude>
    <ClInclude Include="ParentProcess.hpp">
      <Filter>Header Files</Filter>
    </ClInclude>
    <ClInclude Include="DebugRegisters.hpp">
      <Filter>Header Files</Filter>
    </ClInclude>
    <ClInclude Include="MemoryEncryption.hpp">
      <Filter>Header Files</Filter>
    </ClInclude>
    <ClInclude Include="TimingAnalysis.hpp">
      <Filter>Header Files</Filter>
    </ClInclude>
    <ClInclude Include="CodeObfuscation.hpp">
      <Filter>Header Files</Filter>
    </ClInclude>
    <ClInclude Include="SelfDebugging.hpp">
      <Filter>Header Files</Filter>
    </ClInclude>
    <ClInclude Include="LogFile.hpp">
      <Filter>Header Files</Filter>
    </ClInclude>
    <ClInclude Include="RunAPITests.hpp">
      <Filter>Header Files</Filter>
    </ClInclude>
    <ClInclude Include="NtGlobalFlag.hpp">
      <Filter>Header Files</Filter>
    </ClInclude>
    <ClInclude Include="HeapFlag.hpp">
      <Filter>Header Files</Filter>
    </ClInclude>
    <ClInclude Include="CsrGetProcessId.hpp">
      <Filter>Header Files</Filter>
    </ClInclude>
    <ClInclude Include="EventPairHandles.hpp">
      <Filter>Header Files</Filter>
    </ClInclude>
    <ClInclude Include="OutputDebugString.hpp">
      <Filter>Header Files</Filter>
    </ClInclude>
    <ClInclude Include="NtQueryObject.hpp">
      <Filter>Header Files</Filter>
    </ClInclude>
    <ClInclude Include="NtSetInformationThread.hpp">
      <Filter>Header Files</Filter>
    </ClInclude>
    <ClInclude Include="NtQueryInformationProcess.hpp">
      <Filter>Header Files</Filter>
    </ClInclude>
    <ClInclude Include="CheckRemoteDebuggerPresent.hpp">
      <Filter>Header Files</Filter>
    </ClInclude>
    <ClInclude Include="NtSetDebugFilterState.hpp">
      <Filter>Header Files</Filter>
    </ClInclude>
    <ClInclude Include="RunExceptionTests.hpp">
      <Filter>Header Files</Filter>
    </ClInclude>
    <ClInclude Include="GuardPage.hpp">
      <Filter>Header Files</Filter>
    </ClInclude>
    <ClInclude Include="Int3.hpp">
      <Filter>Header Files</Filter>
    </ClInclude>
    <ClInclude Include="UnhandledExceptionFilter.hpp">
      <Filter>Header Files</Filter>
    </ClInclude>
    <ClInclude Include="CloseHandle.hpp">
      <Filter>Header Files</Filter>
    </ClInclude>
    <ClInclude Include="Int2d.hpp">
      <Filter>Header Files</Filter>
    </ClInclude>
    <ClInclude Include="TrapFlag.hpp">
      <Filter>Header Files</Filter>
    </ClInclude>
    <ClInclude Include="RunScanningTests.hpp">
      <Filter>Header Files</Filter>
    </ClInclude>
    <ClInclude Include="Fletcher.hpp">
      <Filter>Header Files</Filter>
    </ClInclude>
    <ClInclude Include="CodeChecksum.hpp">
      <Filter>Header Files</Filter>
    </ClInclude>
    <ClInclude Include="Int3Scan.hpp">
      <Filter>Header Files</Filter>
    </ClInclude>
    <ClInclude Include="EnumProcess.hpp">
      <Filter>Header Files</Filter>
    </ClInclude>
    <ClInclude Include="RunMiscTests.hpp">
      <Filter>Header Files</Filter>
    </ClInclude>
    <ClInclude Include="RunTimingTests.hpp">
      <Filter>Header Files</Filter>
    </ClInclude>
    <ClInclude Include="GetLocalTime.hpp">
      <Filter>Header Files</Filter>
    </ClInclude>
    <ClInclude Include="GetSystemTime.hpp">
      <Filter>Header Files</Filter>
    </ClInclude>
    <ClInclude Include="TimeGetTime.hpp">
      <Filter>Header Files</Filter>
    </ClInclude>
    <ClInclude Include="GetTickCount.hpp">
      <Filter>Header Files</Filter>
    </ClInclude>
    <ClInclude Include="rdtsc.hpp">
      <Filter>Header Files</Filter>
    </ClInclude>
    <ClInclude Include="NtQueryPerformanceCounter.hpp">
      <Filter>Header Files</Filter>
    </ClInclude>
    <ClInclude Include="BaseFunction.hpp">
      <Filter>Header Files</Filter>
    </ClInclude>
  </ItemGroup>
  <ItemGroup>
    <MASM Include="__Int2d.asm">
      <Filter>Source Files</Filter>
    </MASM>
    <MASM Include="_funcptr.asm">
      <Filter>Source Files</Filter>
    </MASM>
  </ItemGroup>
</Project>